{
  "version": 4,
  "terraform_version": "1.9.8",
  "serial": 11,
  "lineage": "b88bce10-b53d-643c-a566-2f6c5762cdbb",
  "outputs": {},
  "resources": [
    {
      "mode": "data",
      "type": "azurerm_client_config",
      "name": "current",
      "provider": "provider[\"registry.terraform.io/hashicorp/azurerm\"]",
      "instances": [
        {
          "schema_version": 0,
          "attributes": {
            "client_id": "04b07795-8ddb-461a-bbee-02f9e1bf7b46",
            "id": "Y2xpZW50Q29uZmlncy9jbGllbnRJZD0wNGIwNzc5NS04ZGRiLTQ2MWEtYmJlZS0wMmY5ZTFiZjdiNDY7b2JqZWN0SWQ9ODg4YWMwNGMtZDU3ZS00OTNjLWI0MTgtZGFkNzMwMmY1NDFhO3N1YnNjcmlwdGlvbklkPTNhNTI0YjM5LTg3ODEtNDI5OS1hZGZhLTUxNDk0NWE4Y2E0YTt0ZW5hbnRJZD02MDAzZThlNC0xNGQ0LTRlMDEtOGUyNi04YWU1NTYxNTM3Nzk=",
            "object_id": "888ac04c-d57e-493c-b418-dad7302f541a",
            "subscription_id": "3a524b39-8781-4299-adfa-514945a8ca4a",
            "tenant_id": "6003e8e4-14d4-4e01-8e26-8ae556153779",
            "timeouts": null
          },
          "sensitive_attributes": []
        }
      ]
    },
    {
      "mode": "managed",
      "type": "azurerm_resource_group",
      "name": "rg_aks",
      "provider": "provider[\"registry.terraform.io/hashicorp/azurerm\"]",
      "instances": [
        {
          "schema_version": 0,
          "attributes": {
            "id": "/subscriptions/3a524b39-8781-4299-adfa-514945a8ca4a/resourceGroups/Inlogikgroup",
            "location": "australiaeast",
            "managed_by": "",
            "name": "Inlogikgroup",
            "tags": null,
            "timeouts": null
          },
          "sensitive_attributes": [],
          "private": "eyJlMmJmYjczMC1lY2FhLTExZTYtOGY4OC0zNDM2M2JjN2M0YzAiOnsiY3JlYXRlIjo1NDAwMDAwMDAwMDAwLCJkZWxldGUiOjU0MDAwMDAwMDAwMDAsInJlYWQiOjMwMDAwMDAwMDAwMCwidXBkYXRlIjo1NDAwMDAwMDAwMDAwfX0="
        }
      ]
    }
  ],
  "check_results": null
}
